
Microsoft Visual Studio Solution File, Format Version 12.00
# Visual Studio Version 16
VisualStudioVersion = 16.0.31005.135
MinimumVisualStudioVersion = 10.0.40219.1
Project("{FAE04EC0-301F-11D3-BF4B-00C04F79EFBC}") = "Task4_3", "Task4_3.csproj", "{63501CE3-654C-48C2-B4FA-64B677D8E47D}"
EndProject
Global
	GlobalSection(SolutionConfigurationPlatforms) = preSolution
		Debug|Any CPU = Debug|Any CPU
		Release|Any CPU = Release|Any CPU
	EndGlobalSection
	GlobalSection(ProjectConfigurationPlatforms) = postSolution
		{63501CE3-654C-48C2-B4FA-64B677D8E47D}.Debug|Any CPU.ActiveCfg = Debug|Any CPU
		{63501CE3-654C-48C2-B4FA-64B677D8E47D}.Debug|Any CPU.Build.0 = Debug|Any CPU
		{63501CE3-654C-48C2-B4FA-64B677D8E47D}.Release|Any CPU.ActiveCfg = Release|Any CPU
		{63501CE3-654C-48C2-B4FA-64B677D8E47D}.Release|Any CPU.Build.0 = Release|Any CPU
	EndGlobalSection
	GlobalSection(SolutionProperties) = preSolution
		HideSolutionNode = FALSE
	EndGlobalSection
	GlobalSection(ExtensibilityGlobals) = postSolution
		SolutionGuid = {001EA327-72D5-4A5F-AA55-67059E555CBA}
	EndGlobalSection
EndGlobal
